Microsoft Visual Studio Solution File, Format Version 12.00
# Visual Studio Version 16
VisualStudioVersion = 16.0.31005.135
MinimumVisualStudioVersion = 10.0.40219.1
Project("{9A19103F-16F7-4668-BE54-9A1E7A4F7556}") = "InvestmentApp-Server", "src\server\InvestmentApp-Server\InvestmentApp-Server.csproj", "{3069ACDC-1FE8-4114-989B-CC4E53A896E8}"
EndProject
Project("{2150E333-8FDC-42A3-9474-1A3956D46DE8}") = "Solution Items", "Solution Items", "{18ECED55-DC5E-4FA8-B91A-FCAF322B84CC}"
	ProjectSection(SolutionItems) = preProject
		.editorconfig = src\server\.editorconfig
	EndProjectSection
EndProject
Global
	GlobalSection(SolutionConfigurationPlatforms) = preSolution
		Debug|Any CPU = Debug|Any CPU
		Release|Any CPU = Release|Any CPU
	EndGlobalSection
	GlobalSection(ProjectConfigurationPlatforms) = postSolution
		{3069ACDC-1FE8-4114-989B-CC4E53A896E8}.Debug|Any CPU.ActiveCfg = Debug|Any CPU
		{3069ACDC-1FE8-4114-989B-CC4E53A896E8}.Debug|Any CPU.Build.0 = Debug|Any CPU
		{3069ACDC-1FE8-4114-989B-CC4E53A896E8}.Release|Any CPU.ActiveCfg = Release|Any CPU
		{3069ACDC-1FE8-4114-989B-CC4E53A896E8}.Release|Any CPU.Build.0 = Release|Any CPU
	EndGlobalSection
	GlobalSection(SolutionProperties) = preSolution
		HideSolutionNode = FALSE
	EndGlobalSection
	GlobalSection(ExtensibilityGlobals) = postSolution
		SolutionGuid = {7C950030-2F3A-424E-B43C-8581C3183045}
	EndGlobalSection
EndGlobal
